
Microsoft Visual Studio Solution File, Format Version 12.00
# Visual Studio Version 17
VisualStudioVersion = 17.9.34607.119
MinimumVisualStudioVersion = 10.0.40219.1
Project("{9A19103F-16F7-4668-BE54-9A1E7A4F7556}") = "VisStatsUI_DataUpload", "VisStatsUI_DataUpload\VisStatsUI_DataUpload.csproj", "{7D8E2840-C9AE-421D-82C4-2716532D7400}"
EndProject
Project("{9A19103F-16F7-4668-BE54-9A1E7A4F7556}") = "VisStatsBL", "VisStatsBL\VisStatsBL.csproj", "{5DD4E650-C554-4840-82C4-AF4E9FD8774F}"
EndProject
Project("{9A19103F-16F7-4668-BE54-9A1E7A4F7556}") = "VisStatsDL_SQL", "VisStatsDL_SQL\VisStatsDL_SQL.csproj", "{2C9FC7EF-2492-473F-B3BA-04E5255816F7}"
EndProject
Project("{9A19103F-16F7-4668-BE54-9A1E7A4F7556}") = "VisStatsDL_File", "VisStatsDL_File\VisStatsDL_File.csproj", "{C69E9749-4F0C-4853-B072-463EB763E40F}"
EndProject
Project("{2150E333-8FDC-42A3-9474-1A3956D46DE8}") = "TestApps", "TestApps", "{FE9643DC-133E-47E6-93EA-C4BCBC8BFA77}"
EndProject
Project("{9A19103F-16F7-4668-BE54-9A1E7A4F7556}") = "ConsoleAppTestRepo", "ConsoleAppTestRepo\ConsoleAppTestRepo.csproj", "{D6A60537-A292-4F98-9925-B1A28D5ACAC0}"
EndProject
Project("{9A19103F-16F7-4668-BE54-9A1E7A4F7556}") = "VisStatsUI_Statistieken", "VisStatsUI_Statistieken\VisStatsUI_Statistieken.csproj", "{50CCF207-B940-44B7-9329-5B33204C1339}"
EndProject
Project("{FAE04EC0-301F-11D3-BF4B-00C04F79EFBC}") = "VisStatsUI_UitbreidingStatistieken", "UI_UitbreidingStatistieken\VisStatsUI_UitbreidingStatistieken.csproj", "{88E21906-4A0C-4A3A-933A-3A598BD0EF0B}"
EndProject
Global
	GlobalSection(SolutionConfigurationPlatforms) = preSolution
		Debug|Any CPU = Debug|Any CPU
		Release|Any CPU = Release|Any CPU
	EndGlobalSection
	GlobalSection(ProjectConfigurationPlatforms) = postSolution
		{7D8E2840-C9AE-421D-82C4-2716532D7400}.Debug|Any CPU.ActiveCfg = Debug|Any CPU
		{7D8E2840-C9AE-421D-82C4-2716532D7400}.Debug|Any CPU.Build.0 = Debug|Any CPU
		{7D8E2840-C9AE-421D-82C4-2716532D7400}.Release|Any CPU.ActiveCfg = Release|Any CPU
		{7D8E2840-C9AE-421D-82C4-2716532D7400}.Release|Any CPU.Build.0 = Release|Any CPU
		{5DD4E650-C554-4840-82C4-AF4E9FD8774F}.Debug|Any CPU.ActiveCfg = Debug|Any CPU
		{5DD4E650-C554-4840-82C4-AF4E9FD8774F}.Debug|Any CPU.Build.0 = Debug|Any CPU
		{5DD4E650-C554-4840-82C4-AF4E9FD8774F}.Release|Any CPU.ActiveCfg = Release|Any CPU
		{5DD4E650-C554-4840-82C4-AF4E9FD8774F}.Release|Any CPU.Build.0 = Release|Any CPU
		{2C9FC7EF-2492-473F-B3BA-04E5255816F7}.Debug|Any CPU.ActiveCfg = Debug|Any CPU
		{2C9FC7EF-2492-473F-B3BA-04E5255816F7}.Debug|Any CPU.Build.0 = Debug|Any CPU
		{2C9FC7EF-2492-473F-B3BA-04E5255816F7}.Release|Any CPU.ActiveCfg = Release|Any CPU
		{2C9FC7EF-2492-473F-B3BA-04E5255816F7}.Release|Any CPU.Build.0 = Release|Any CPU
		{C69E9749-4F0C-4853-B072-463EB763E40F}.Debug|Any CPU.ActiveCfg = Debug|Any CPU
		{C69E9749-4F0C-4853-B072-463EB763E40F}.Debug|Any CPU.Build.0 = Debug|Any CPU
		{C69E9749-4F0C-4853-B072-463EB763E40F}.Release|Any CPU.ActiveCfg = Release|Any CPU
		{C69E9749-4F0C-4853-B072-463EB763E40F}.Release|Any CPU.Build.0 = Release|Any CPU
		{D6A60537-A292-4F98-9925-B1A28D5ACAC0}.Debug|Any CPU.ActiveCfg = Debug|Any CPU
		{D6A60537-A292-4F98-9925-B1A28D5ACAC0}.Debug|Any CPU.Build.0 = Debug|Any CPU
		{D6A60537-A292-4F98-9925-B1A28D5ACAC0}.Release|Any CPU.ActiveCfg = Release|Any CPU
		{D6A60537-A292-4F98-9925-B1A28D5ACAC0}.Release|Any CPU.Build.0 = Release|Any CPU
		{50CCF207-B940-44B7-9329-5B33204C1339}.Debug|Any CPU.ActiveCfg = Debug|Any CPU
		{50CCF207-B940-44B7-9329-5B33204C1339}.Debug|Any CPU.Build.0 = Debug|Any CPU
		{50CCF207-B940-44B7-9329-5B33204C1339}.Release|Any CPU.ActiveCfg = Release|Any CPU
		{50CCF207-B940-44B7-9329-5B33204C1339}.Release|Any CPU.Build.0 = Release|Any CPU
		{88E21906-4A0C-4A3A-933A-3A598BD0EF0B}.Debug|Any CPU.ActiveCfg = Debug|Any CPU
		{88E21906-4A0C-4A3A-933A-3A598BD0EF0B}.Debug|Any CPU.Build.0 = Debug|Any CPU
		{88E21906-4A0C-4A3A-933A-3A598BD0EF0B}.Release|Any CPU.ActiveCfg = Release|Any CPU
		{88E21906-4A0C-4A3A-933A-3A598BD0EF0B}.Release|Any CPU.Build.0 = Release|Any CPU
	EndGlobalSection
	GlobalSection(SolutionProperties) = preSolution
		HideSolutionNode = FALSE
	EndGlobalSection
	GlobalSection(NestedProjects) = preSolution
		{D6A60537-A292-4F98-9925-B1A28D5ACAC0} = {FE9643DC-133E-47E6-93EA-C4BCBC8BFA77}
	EndGlobalSection
	GlobalSection(ExtensibilityGlobals) = postSolution
		SolutionGuid = {8259A5FD-DE9F-4E8A-8895-3B0F39D32372}
	EndGlobalSection
EndGlobal
